
Microsoft Visual Studio Solution File, Format Version 12.00
# Visual Studio Version 17
VisualStudioVersion = 17.1.32421.90
MinimumVisualStudioVersion = 10.0.40219.1
Project("{9A19103F-16F7-4668-BE54-9A1E7A4F7556}") = "webapi-docker", "webapi-docker.csproj", "{CE6064CA-1B22-4E9A-9ADD-EC616C838743}"
EndProject
Global
	GlobalSection(SolutionConfigurationPlatforms) = preSolution
		Debug|Any CPU = Debug|Any CPU
		Release|Any CPU = Release|Any CPU
	EndGlobalSection
	GlobalSection(ProjectConfigurationPlatforms) = postSolution
		{CE6064CA-1B22-4E9A-9ADD-EC616C838743}.Debug|Any CPU.ActiveCfg = Debug|Any CPU
		{CE6064CA-1B22-4E9A-9ADD-EC616C838743}.Debug|Any CPU.Build.0 = Debug|Any CPU
		{CE6064CA-1B22-4E9A-9ADD-EC616C838743}.Release|Any CPU.ActiveCfg = Release|Any CPU
		{CE6064CA-1B22-4E9A-9ADD-EC616C838743}.Release|Any CPU.Build.0 = Release|Any CPU
	EndGlobalSection
	GlobalSection(SolutionProperties) = preSolution
		HideSolutionNode = FALSE
	EndGlobalSection
	GlobalSection(ExtensibilityGlobals) = postSolution
		SolutionGuid = {192199D3-60E8-46F3-86F9-31F8254A6C97}
	EndGlobalSection
EndGlobal
